// !$*UTF8*$!
{
	archiveVersion = 1;
	classes = {
	};
	objectVersion = 50;
	objects = {

/* Begin PBXBuildFile section */
		92D27EF626D121E600EC4479 /* AppDelegate.swift in Sources */ = {isa = PBXBuildFile; fileRef = 92D27EF526D121E600EC4479 /* AppDelegate.swift */; };
		92D27EF826D121E600EC4479 /* SceneDelegate.swift in Sources */ = {isa = PBXBuildFile; fileRef = 92D27EF726D121E600EC4479 /* SceneDelegate.swift */; };
		92D27EFA26D121E600EC4479 /* ViewController.swift in Sources */ = {isa = PBXBuildFile; fileRef = 92D27EF926D121E600EC4479 /* ViewController.swift */; };
		92D27EFD26D121E600EC4479 /* Main.storyboard in Resources */ = {isa = PBXBuildFile; fileRef = 92D27EFB26D121E600EC4479 /* Main.storyboard */; };
		92D27F0026D121E600EC4479 /* ReadMoreTextView.xcdatamodeld in Sources */ = {isa = PBXBuildFile; fileRef = 92D27EFE26D121E600EC4479 /* ReadMoreTextView.xcdatamodeld */; };
		92D27F0226D121E900EC4479 /* Assets.xcassets in Resources */ = {isa = PBXBuildFile; fileRef = 92D27F0126D121E900EC4479 /* Assets.xcassets */; };
		92D27F0526D121E900EC4479 /* LaunchScreen.storyboard in Resources */ = {isa = PBXBuildFile; fileRef = 92D27F0326D121E900EC4479 /* LaunchScreen.storyboard */; };
		92D27F0E26D1233800EC4479 /* ReadMoreTextView.swift in Sources */ = {isa = PBXBuildFile; fileRef = 92D27F0D26D1233800EC4479 /* ReadMoreTextView.swift */; };
/* End PBXBuildFile section */

/* Begin PBXFileReference section */
		92D27EF226D121E600EC4479 /* ReadMoreTextView.app */ = {isa = PBXFileReference; explicitFileType = wrapper.application; includeInIndex = 0; path = ReadMoreTextView.app; sourceTree = BUILT_PRODUCTS_DIR; };
		92D27EF526D121E600EC4479 /* AppDelegate.swift */ = {isa = PBXFileReference; lastKnownFileType = sourcecode.swift; path = AppDelegate.swift; sourceTree = "<group>"; };
		92D27EF726D121E600EC4479 /* SceneDelegate.swift */ = {isa = PBXFileReference; lastKnownFileType = sourcecode.swift; path = SceneDelegate.swift; sourceTree = "<group>"; };
		92D27EF926D121E600EC4479 /* ViewController.swift */ = {isa = PBXFileReference; lastKnownFileType = sourcecode.swift; path = ViewController.swift; sourceTree = "<group>"; };
		92D27EFC26D121E600EC4479 /* Base */ = {isa = PBXFileReference; lastKnownFileType = file.storyboard; name = Base; path = Base.lproj/Main.storyboard; sourceTree = "<group>"; };
		92D27EFF26D121E600EC4479 /* ReadMoreTextView.xcdatamodel */ = {isa = PBXFileReference; lastKnownFileType = wrapper.xcdatamodel; path = ReadMoreTextView.xcdatamodel; sourceTree = "<group>"; };
		92D27F0126D121E900EC4479 /* Assets.xcassets */ = {isa = PBXFileReference; lastKnownFileType = folder.assetcatalog; path = Assets.xcassets; sourceTree = "<group>"; };
		92D27F0426D121E900EC4479 /* Base */ = {isa = PBXFileReference; lastKnownFileType = file.storyboard; name = Base; path = Base.lproj/LaunchScreen.storyboard; sourceTree = "<group>"; };
		92D27F0626D121E900EC4479 /* Info.plist */ = {isa = PBXFileReference; lastKnownFileType = text.plist.xml; path = Info.plist; sourceTree = "<group>"; };
		92D27F0D26D1233800EC4479 /* ReadMoreTextView.swift */ = {isa = PBXFileReference; lastKnownFileType = sourcecode.swift; path = ReadMoreTextView.swift; sourceTree = "<group>"; };
/* End PBXFileReference section */

/* Begin PBXFrameworksBuildPhase section */
		92D27EEF26D121E600EC4479 /* Frameworks */ = {
			isa = PBXFrameworksBuildPhase;
			buildActionMask = 2147483647;
			files = (
			);
			runOnlyForDeploymentPostprocessing = 0;
		};
/* End PBXFrameworksBuildPhase section */

/* Begin PBXGroup section */
		92D27EE926D121E600EC4479 = {
			isa = PBXGroup;
			children = (
				92D27EF426D121E600EC4479 /* ReadMoreTextView */,
				92D27EF326D121E600EC4479 /* Products */,
			);
			sourceTree = "<group>";
		};
		92D27EF326D121E600EC4479 /* Products */ = {
			isa = PBXGroup;
			children = (
				92D27EF226D121E600EC4479 /* ReadMoreTextView.app */,
			);
			name = Products;
			sourceTree = "<group>";
		};
		92D27EF426D121E600EC4479 /* ReadMoreTextView */ = {
			isa = PBXGroup;
			children = (
				92D27F0C26D1231400EC4479 /* Component */,
				92D27EF526D121E600EC4479 /* AppDelegate.swift */,
				92D27EF726D121E600EC4479 /* SceneDelegate.swift */,
				92D27EF926D121E600EC4479 /* ViewController.swift */,
				92D27EFB26D121E600EC4479 /* Main.storyboard */,
				92D27F0126D121E900EC4479 /* Assets.xcassets */,
				92D27F0326D121E900EC4479 /* LaunchScreen.storyboard */,
				92D27F0626D121E900EC4479 /* Info.plist */,
				92D27EFE26D121E600EC4479 /* ReadMoreTextView.xcdatamodeld */,
			);
			path = ReadMoreTextView;
			sourceTree = "<group>";
		};
		92D27F0C26D1231400EC4479 /* Component */ = {
			isa = PBXGroup;
			children = (
				92D27F0D26D1233800EC4479 /* ReadMoreTextView.swift */,
			);
			path = Component;
			sourceTree = "<group>";
		};
/* End PBXGroup section */

/* Begin PBXNativeTarget section */
		92D27EF126D121E600EC4479 /* ReadMoreTextView */ = {
			isa = PBXNativeTarget;
			buildConfigurationList = 92D27F0926D121E900EC4479 /* Build configuration list for PBXNativeTarget "ReadMoreTextView" */;
			buildPhases = (
				92D27EEE26D121E600EC4479 /* Sources */,
				92D27EEF26D121E600EC4479 /* Frameworks */,
				92D27EF026D121E600EC4479 /* Resources */,
			);
			buildRules = (
			);
			dependencies = (
			);
			name = ReadMoreTextView;
			productName = ReadMoreTextView;
			productReference = 92D27EF226D121E600EC4479 /* ReadMoreTextView.app */;
			productType = "com.apple.product-type.application";
		};
/* End PBXNativeTarget section */

/* Begin PBXProject section */
		92D27EEA26D121E600EC4479 /* Project object */ = {
			isa = PBXProject;
			attributes = {
				LastSwiftUpdateCheck = 1250;
				LastUpgradeCheck = 1250;
				TargetAttributes = {
					92D27EF126D121E600EC4479 = {
						CreatedOnToolsVersion = 12.5.1;
					};
				};
			};
			buildConfigurationList = 92D27EED26D121E600EC4479 /* Build configuration list for PBXProject "ReadMoreTextView" */;
			compatibilityVersion = "Xcode 9.3";
			developmentRegion = en;
			hasScannedForEncodings = 0;
			knownRegions = (
				en,
				Base,
			);
			mainGroup = 92D27EE926D121E600EC4479;
			productRefGroup = 92D27EF326D121E600EC4479 /* Products */;
			projectDirPath = "";
			projectRoot = "";
			targets = (
				92D27EF126D121E600EC4479 /* ReadMoreTextView */,
			);
		};
/* End PBXProject section */

/* Begin PBXResourcesBuildPhase section */
		92D27EF026D121E600EC4479 /* Resources */ = {
			isa = PBXResourcesBuildPhase;
			buildActionMask = 2147483647;
			files = (
				92D27F0526D121E900EC4479 /* LaunchScreen.storyboard in Resources */,
				92D27F0226D121E900EC4479 /* Assets.xcassets in Resources */,
				92D27EFD26D121E600EC4479 /* Main.storyboard in Resources */,
			);
			runOnlyForDeploymentPostprocessing = 0;
		};
/* End PBXResourcesBuildPhase section */

/* Begin PBXSourcesBuildPhase section */
		92D27EEE26D121E600EC4479 /* Sources */ = {
			isa = PBXSourcesBuildPhase;
			buildActionMask = 2147483647;
			files = (
				92D27F0026D121E600EC4479 /* ReadMoreTextView.xcdatamodeld in Sources */,
				92D27EFA26D121E600EC4479 /* ViewController.swift in Sources */,
				92D27F0E26D1233800EC4479 /* ReadMoreTextView.swift in Sources */,
				92D27EF626D121E600EC4479 /* AppDelegate.swift in Sources */,
				92D27EF826D121E600EC4479 /* SceneDelegate.swift in Sources */,
			);
			runOnlyForDeploymentPostprocessing = 0;
		};
/* End PBXSourcesBuildPhase section */

/* Begin PBXVariantGroup section */
		92D27EFB26D121E600EC4479 /* Main.storyboard */ = {
			isa = PBXVariantGroup;
			children = (
				92D27EFC26D121E600EC4479 /* Base */,
			);
			name = Main.storyboard;
			sourceTree = "<group>";
		};
		92D27F0326D121E900EC4479 /* LaunchScreen.storyboard */ = {
			isa = PBXVariantGroup;
			children = (
				92D27F0426D121E900EC4479 /* Base */,
			);
			name = LaunchScreen.storyboard;
			sourceTree = "<group>";
		};
/* End PBXVariantGroup section */

/* Begin XCBuildConfiguration section */
		92D27F0726D121E900EC4479 /* Debug */ = {
			isa = XCBuildConfiguration;
			buildSettings = {
				ALWAYS_SEARCH_USER_PATHS = NO;
				CLANG_ANALYZER_NONNULL = YES;
				CLANG_ANALYZER_NUMBER_OBJECT_CONVERSION = YES_AGGRESSIVE;
				CLANG_CXX_LANGUAGE_STANDARD = "gnu++14";
				CLANG_CXX_LIBRARY = "libc++";
				CLANG_ENABLE_MODULES = YES;
				CLANG_ENABLE_OBJC_ARC = YES;
				CLANG_ENABLE_OBJC_WEAK = YES;
				CLANG_WARN_BLOCK_CAPTURE_AUTORELEASING = YES;
				CLANG_WARN_BOOL_CONVERSION = YES;
				CLANG_WARN_COMMA = YES;
				CLANG_WARN_CONSTANT_CONVERSION = YES;
				CLANG_WARN_DEPRECATED_OBJC_IMPLEMENTATIONS = YES;
				CLANG_WARN_DIRECT_OBJC_ISA_USAGE = YES_ERROR;
				CLANG_WARN_DOCUMENTATION_COMMENTS = YES;
				CLANG_WARN_EMPTY_BODY = YES;
				CLANG_WARN_ENUM_CONVERSION = YES;
				CLANG_WARN_INFINITE_RECURSION = YES;
				CLANG_WARN_INT_CONVERSION = YES;
				CLANG_WARN_NON_LITERAL_NULL_CONVERSION = YES;
				CLANG_WARN_OBJC_IMPLICIT_RETAIN_SELF = YES;
				CLANG_WARN_OBJC_LITERAL_CONVERSION = YES;
				CLANG_WARN_OBJC_ROOT_CLASS = YES_ERROR;
				CLANG_WARN_QUOTED_INCLUDE_IN_FRAMEWORK_HEADER = YES;
				CLANG_WARN_RANGE_LOOP_ANALYSIS = YES;
				CLANG_WARN_STRICT_PROTOTYPES = YES;
				CLANG_WARN_SUSPICIOUS_MOVE = YES;
				CLANG_WARN_UNGUARDED_AVAILABILITY = YES_AGGRESSIVE;
				CLANG_WARN_UNREACHABLE_CODE = YES;
				CLANG_WARN__DUPLICATE_METHOD_MATCH = YES;
				COPY_PHASE_STRIP = NO;
				DEBUG_INFORMATION_FORMAT = dwarf;
				ENABLE_STRICT_OBJC_MSGSEND = YES;
				ENABLE_TESTABILITY = YES;
				GCC_C_LANGUAGE_STANDARD = gnu11;
				GCC_DYNAMIC_NO_PIC = NO;
				GCC_NO_COMMON_BLOCKS = YES;
				GCC_OPTIMIZATION_LEVEL = 0;
				GCC_PREPROCESSOR_DEFINITIONS = (
					"DEBUG=1",
					"$(inherited)",
				);
				GCC_WARN_64_TO_32_BIT_CONVERSION = YES;
				GCC_WARN_ABOUT_RETURN_TYPE = YES_ERROR;
				GCC_WARN_UNDECLARED_SELECTOR = YES;
				GCC_WARN_UNINITIALIZED_AUTOS = YES_AGGRESSIVE;
				GCC_WARN_UNUSED_FUNCTION = YES;
				GCC_WARN_UNUSED_VARIABLE = YES;
				IPHONEOS_DEPLOYMENT_TARGET = 14.5;
				MTL_ENABLE_DEBUG_INFO = INCLUDE_SOURCE;
				MTL_FAST_MATH = YES;
				ONLY_ACTIVE_ARCH = YES;
				SDKROOT = iphoneos;
				SWIFT_ACTIVE_COMPILATION_CONDITIONS = DEBUG;
				SWIFT_OPTIMIZATION_LEVEL = "-Onone";
			};
			name = Debug;
		};
		92D27F0826D121E900EC4479 /* Release */ = {
			isa = XCBuildConfiguration;
			buildSettings = {
				ALWAYS_SEARCH_USER_PATHS = NO;
				CLANG_ANALYZER_NONNULL = YES;
				CLANG_ANALYZER_NUMBER_OBJECT_CONVERSION = YES_AGGRESSIVE;
				CLANG_CXX_LANGUAGE_STANDARD = "gnu++14";
				CLANG_CXX_LIBRARY = "libc++";
				CLANG_ENABLE_MODULES = YES;
				CLANG_ENABLE_OBJC_ARC = YES;
				CLANG_ENABLE_OBJC_WEAK = YES;
				CLANG_WARN_BLOCK_CAPTURE_AUTORELEASING = YES;
				CLANG_WARN_BOOL_CONVERSION = YES;
				CLANG_WARN_COMMA = YES;
				CLANG_WARN_CONSTANT_CONVERSION = YES;
				CLANG_WARN_DEPRECATED_OBJC_IMPLEMENTATIONS = YES;
				CLANG_WARN_DIRECT_OBJC_ISA_USAGE = YES_ERROR;
				CLANG_WARN_DOCUMENTATION_COMMENTS = YES;
				CLANG_WARN_EMPTY_BODY = YES;
				CLANG_WARN_ENUM_CONVERSION = YES;
				CLANG_WARN_INFINITE_RECURSION = YES;
				CLANG_WARN_INT_CONVERSION = YES;
				CLANG_WARN_NON_LITERAL_NULL_CONVERSION = YES;
				CLANG_WARN_OBJC_IMPLICIT_RETAIN_SELF = YES;
				CLANG_WARN_OBJC_LITERAL_CONVERSION = YES;
				CLANG_WARN_OBJC_ROOT_CLASS = YES_ERROR;
				CLANG_WARN_QUOTED_INCLUDE_IN_FRAMEWORK_HEADER = YES;
				CLANG_WARN_RANGE_LOOP_ANALYSIS = YES;
				CLANG_WARN_STRICT_PROTOTYPES = YES;
				CLANG_WARN_SUSPICIOUS_MOVE = YES;
				CLANG_WARN_UNGUARDED_AVAILABILITY = YES_AGGRESSIVE;
				CLANG_WARN_UNREACHABLE_CODE = YES;
				CLANG_WARN__DUPLICATE_METHOD_MATCH = YES;
				COPY_PHASE_STRIP = NO;
				DEBUG_INFORMATION_FORMAT = "dwarf-with-dsym";
				ENABLE_NS_ASSERTIONS = NO;
				ENABLE_STRICT_OBJC_MSGSEND = YES;
				GCC_C_LANGUAGE_STANDARD = gnu11;
				GCC_NO_COMMON_BLOCKS = YES;
				GCC_WARN_64_TO_32_BIT_CONVERSION = YES;
				GCC_WARN_ABOUT_RETURN_TYPE = YES_ERROR;
				GCC_WARN_UNDECLARED_SELECTOR = YES;
				GCC_WARN_UNINITIALIZED_AUTOS = YES_AGGRESSIVE;
				GCC_WARN_UNUSED_FUNCTION = YES;
				GCC_WARN_UNUSED_VARIABLE = YES;
				IPHONEOS_DEPLOYMENT_TARGET = 14.5;
				MTL_ENABLE_DEBUG_INFO = NO;
				MTL_FAST_MATH = YES;
				SDKROOT = iphoneos;
				SWIFT_COMPILATION_MODE = wholemodule;
				SWIFT_OPTIMIZATION_LEVEL = "-O";
				VALIDATE_PRODUCT = YES;
			};
			name = Release;
		};
		92D27F0A26D121E900EC4479 /* Debug */ = {
			isa = XCBuildConfiguration;
			buildSettings = {
				ASSETCATALOG_COMPILER_APPICON_NAME = AppIcon;
				ASSETCATALOG_COMPILER_GLOBAL_ACCENT_COLOR_NAME = AccentColor;
				CODE_SIGN_STYLE = Automatic;
				DEVELOPMENT_TEAM = KA23B6A3N5;
				INFOPLIST_FILE = ReadMoreTextView/Info.plist;
				LD_RUNPATH_SEARCH_PATHS = (
					"$(inherited)",
					"@executable_path/Frameworks",
				);
				PRODUCT_BUNDLE_IDENTIFIER = com.poc.ReadMoreTextView;
				PRODUCT_NAME = "$(TARGET_NAME)";
				SWIFT_VERSION = 5.0;
				TARGETED_DEVICE_FAMILY = "1,2";
			};
			name = Debug;
		};
		92D27F0B26D121E900EC4479 /* Release */ = {
			isa = XCBuildConfiguration;
			buildSettings = {
				ASSETCATALOG_COMPILER_APPICON_NAME = AppIcon;
				ASSETCATALOG_COMPILER_GLOBAL_ACCENT_COLOR_NAME = AccentColor;
				CODE_SIGN_STYLE = Automatic;
				DEVELOPMENT_TEAM = KA23B6A3N5;
				INFOPLIST_FILE = ReadMoreTextView/Info.plist;
				LD_RUNPATH_SEARCH_PATHS = (
					"$(inherited)",
					"@executable_path/Frameworks",
				);
				PRODUCT_BUNDLE_IDENTIFIER = com.poc.ReadMoreTextView;
				PRODUCT_NAME = "$(TARGET_NAME)";
				SWIFT_VERSION = 5.0;
				TARGETED_DEVICE_FAMILY = "1,2";
			};
			name = Release;
		};
/* End XCBuildConfiguration section */

/* Begin XCConfigurationList section */
		92D27EED26D121E600EC4479 /* Build configuration list for PBXProject "ReadMoreTextView" */ = {
			isa = XCConfigurationList;
			buildConfigurations = (
				92D27F0726D121E900EC4479 /* Debug */,
				92D27F0826D121E900EC4479 /* Release */,
			);
			defaultConfigurationIsVisible = 0;
			defaultConfigurationName = Release;
		};
		92D27F0926D121E900EC4479 /* Build configuration list for PBXNativeTarget "ReadMoreTextView" */ = {
			isa = XCConfigurationList;
			buildConfigurations = (
				92D27F0A26D121E900EC4479 /* Debug */,
				92D27F0B26D121E900EC4479 /* Release */,
			);
			defaultConfigurationIsVisible = 0;
			defaultConfigurationName = Release;
		};
/* End XCConfigurationList section */

/* Begin XCVersionGroup section */
		92D27EFE26D121E600EC4479 /* ReadMoreTextView.xcdatamodeld */ = {
			isa = XCVersionGroup;
			children = (
				92D27EFF26D121E600EC4479 /* ReadMoreTextView.xcdatamodel */,
			);
			currentVersion = 92D27EFF26D121E600EC4479 /* ReadMoreTextView.xcdatamodel */;
			path = ReadMoreTextView.xcdatamodeld;
			sourceTree = "<group>";
			versionGroupType = wrapper.xcdatamodel;
		};
/* End XCVersionGroup section */
	};
	rootObject = 92D27EEA26D121E600EC4479 /* Project object */;
}
